// !$*UTF8*$!
{
	archiveVersion = 1;
	classes = {
	};
	objectVersion = 50;
	objects = {

/* Begin PBXBuildFile section */
		716A80F826F5688200E0F10A /* LocationsViewController.swift in Sources */ = {isa = PBXBuildFile; fileRef = 716A80F726F5688200E0F10A /* LocationsViewController.swift */; };
		716A80FA26F56A4300E0F10A /* LocationCell.swift in Sources */ = {isa = PBXBuildFile; fileRef = 716A80F926F56A4300E0F10A /* LocationCell.swift */; };
		716A80FE26F5754000E0F10A /* Location+CoreDataClass.swift in Sources */ = {isa = PBXBuildFile; fileRef = 716A80FC26F5754000E0F10A /* Location+CoreDataClass.swift */; };
		716A80FF26F5754000E0F10A /* Location+CoreDataProperties.swift in Sources */ = {isa = PBXBuildFile; fileRef = 716A80FD26F5754000E0F10A /* Location+CoreDataProperties.swift */; };
		716A810126F5769700E0F10A /* MapViewController.swift in Sources */ = {isa = PBXBuildFile; fileRef = 716A810026F5769700E0F10A /* MapViewController.swift */; };
		716A810326F576E000E0F10A /* UIImage+Resize.swift in Sources */ = {isa = PBXBuildFile; fileRef = 716A810226F576E000E0F10A /* UIImage+Resize.swift */; };
		716A810526F5771100E0F10A /* String+AddText.swift in Sources */ = {isa = PBXBuildFile; fileRef = 716A810426F5771100E0F10A /* String+AddText.swift */; };
		7172662326EC235100B129B7 /* AppDelegate.swift in Sources */ = {isa = PBXBuildFile; fileRef = 7172662226EC235100B129B7 /* AppDelegate.swift */; };
		7172662526EC235100B129B7 /* SceneDelegate.swift in Sources */ = {isa = PBXBuildFile; fileRef = 7172662426EC235100B129B7 /* SceneDelegate.swift */; };
		7172662726EC235100B129B7 /* CurrentLocationViewController.swift in Sources */ = {isa = PBXBuildFile; fileRef = 7172662626EC235100B129B7 /* CurrentLocationViewController.swift */; };
		7172662A26EC235100B129B7 /* Main.storyboard in Resources */ = {isa = PBXBuildFile; fileRef = 7172662826EC235100B129B7 /* Main.storyboard */; };
		7172662D26EC235100B129B7 /* MyLocations.xcdatamodeld in Sources */ = {isa = PBXBuildFile; fileRef = 7172662B26EC235100B129B7 /* MyLocations.xcdatamodeld */; };
		7172662F26EC235100B129B7 /* Assets.xcassets in Resources */ = {isa = PBXBuildFile; fileRef = 7172662E26EC235100B129B7 /* Assets.xcassets */; };
		7172663226EC235100B129B7 /* LaunchScreen.storyboard in Resources */ = {isa = PBXBuildFile; fileRef = 7172663026EC235100B129B7 /* LaunchScreen.storyboard */; };
		7172663C26EC4A5700B129B7 /* LocationDetailsViewController.swift in Sources */ = {isa = PBXBuildFile; fileRef = 7172663B26EC4A5700B129B7 /* LocationDetailsViewController.swift */; };
		7172663E26EC633700B129B7 /* CategoryPickerViewController.swift in Sources */ = {isa = PBXBuildFile; fileRef = 7172663D26EC633700B129B7 /* CategoryPickerViewController.swift */; };
		7172664026EC6AED00B129B7 /* HUDView.swift in Sources */ = {isa = PBXBuildFile; fileRef = 7172663F26EC6AED00B129B7 /* HUDView.swift */; };
		7172664226EC6EB900B129B7 /* Functions.swift in Sources */ = {isa = PBXBuildFile; fileRef = 7172664126EC6EB900B129B7 /* Functions.swift */; };
/* End PBXBuildFile section */

/* Begin PBXFileReference section */
		716A80F726F5688200E0F10A /* LocationsViewController.swift */ = {isa = PBXFileReference; lastKnownFileType = sourcecode.swift; path = LocationsViewController.swift; sourceTree = "<group>"; };
		716A80F926F56A4300E0F10A /* LocationCell.swift */ = {isa = PBXFileReference; lastKnownFileType = sourcecode.swift; path = LocationCell.swift; sourceTree = "<group>"; };
		716A80FC26F5754000E0F10A /* Location+CoreDataClass.swift */ = {isa = PBXFileReference; fileEncoding = 4; lastKnownFileType = sourcecode.swift; path = "Location+CoreDataClass.swift"; sourceTree = "<group>"; };
		716A80FD26F5754000E0F10A /* Location+CoreDataProperties.swift */ = {isa = PBXFileReference; fileEncoding = 4; lastKnownFileType = sourcecode.swift; path = "Location+CoreDataProperties.swift"; sourceTree = "<group>"; };
		716A810026F5769700E0F10A /* MapViewController.swift */ = {isa = PBXFileReference; lastKnownFileType = sourcecode.swift; path = MapViewController.swift; sourceTree = SOURCE_ROOT; };
		716A810226F576E000E0F10A /* UIImage+Resize.swift */ = {isa = PBXFileReference; lastKnownFileType = sourcecode.swift; path = "UIImage+Resize.swift"; sourceTree = SOURCE_ROOT; };
		716A810426F5771100E0F10A /* String+AddText.swift */ = {isa = PBXFileReference; lastKnownFileType = sourcecode.swift; path = "String+AddText.swift"; sourceTree = SOURCE_ROOT; };
		7172661F26EC235100B129B7 /* MyLocations.app */ = {isa = PBXFileReference; explicitFileType = wrapper.application; includeInIndex = 0; path = MyLocations.app; sourceTree = BUILT_PRODUCTS_DIR; };
		7172662226EC235100B129B7 /* AppDelegate.swift */ = {isa = PBXFileReference; lastKnownFileType = sourcecode.swift; path = AppDelegate.swift; sourceTree = "<group>"; };
		7172662426EC235100B129B7 /* SceneDelegate.swift */ = {isa = PBXFileReference; lastKnownFileType = sourcecode.swift; path = SceneDelegate.swift; sourceTree = "<group>"; };
		7172662626EC235100B129B7 /* CurrentLocationViewController.swift */ = {isa = PBXFileReference; lastKnownFileType = sourcecode.swift; path = CurrentLocationViewController.swift; sourceTree = "<group>"; };
		7172662926EC235100B129B7 /* Base */ = {isa = PBXFileReference; lastKnownFileType = file.storyboard; name = Base; path = Base.lproj/Main.storyboard; sourceTree = "<group>"; };
		7172662C26EC235100B129B7 /* MyLocations.xcdatamodel */ = {isa = PBXFileReference; lastKnownFileType = wrapper.xcdatamodel; path = MyLocations.xcdatamodel; sourceTree = "<group>"; };
		7172662E26EC235100B129B7 /* Assets.xcassets */ = {isa = PBXFileReference; lastKnownFileType = folder.assetcatalog; path = Assets.xcassets; sourceTree = "<group>"; };
		7172663126EC235100B129B7 /* Base */ = {isa = PBXFileReference; lastKnownFileType = file.storyboard; name = Base; path = Base.lproj/LaunchScreen.storyboard; sourceTree = "<group>"; };
		7172663326EC235100B129B7 /* Info.plist */ = {isa = PBXFileReference; lastKnownFileType = text.plist.xml; path = Info.plist; sourceTree = "<group>"; };
		7172663B26EC4A5700B129B7 /* LocationDetailsViewController.swift */ = {isa = PBXFileReference; lastKnownFileType = sourcecode.swift; path = LocationDetailsViewController.swift; sourceTree = "<group>"; };
		7172663D26EC633700B129B7 /* CategoryPickerViewController.swift */ = {isa = PBXFileReference; lastKnownFileType = sourcecode.swift; path = CategoryPickerViewController.swift; sourceTree = "<group>"; };
		7172663F26EC6AED00B129B7 /* HUDView.swift */ = {isa = PBXFileReference; lastKnownFileType = sourcecode.swift; path = HUDView.swift; sourceTree = "<group>"; };
		7172664126EC6EB900B129B7 /* Functions.swift */ = {isa = PBXFileReference; lastKnownFileType = sourcecode.swift; path = Functions.swift; sourceTree = "<group>"; };
/* End PBXFileReference section */

/* Begin PBXFrameworksBuildPhase section */
		7172661C26EC235100B129B7 /* Frameworks */ = {
			isa = PBXFrameworksBuildPhase;
			buildActionMask = 2147483647;
			files = (
			);
			runOnlyForDeploymentPostprocessing = 0;
		};
/* End PBXFrameworksBuildPhase section */

/* Begin PBXGroup section */
		716A80FB26F5732F00E0F10A /* Sound */ = {
			isa = PBXGroup;
			children = (
			);
			path = Sound;
			sourceTree = "<group>";
		};
		7172661626EC235100B129B7 = {
			isa = PBXGroup;
			children = (
				7172662126EC235100B129B7 /* MyLocations */,
				7172662026EC235100B129B7 /* Products */,
			);
			sourceTree = "<group>";
		};
		7172662026EC235100B129B7 /* Products */ = {
			isa = PBXGroup;
			children = (
				7172661F26EC235100B129B7 /* MyLocations.app */,
			);
			name = Products;
			sourceTree = "<group>";
		};
		7172662126EC235100B129B7 /* MyLocations */ = {
			isa = PBXGroup;
			children = (
				716A80FB26F5732F00E0F10A /* Sound */,
				7172662226EC235100B129B7 /* AppDelegate.swift */,
				7172662E26EC235100B129B7 /* Assets.xcassets */,
				7172663D26EC633700B129B7 /* CategoryPickerViewController.swift */,
				7172662626EC235100B129B7 /* CurrentLocationViewController.swift */,
				7172664126EC6EB900B129B7 /* Functions.swift */,
				7172663F26EC6AED00B129B7 /* HUDView.swift */,
				7172663326EC235100B129B7 /* Info.plist */,
				716A80FC26F5754000E0F10A /* Location+CoreDataClass.swift */,
				716A80FD26F5754000E0F10A /* Location+CoreDataProperties.swift */,
				7172663026EC235100B129B7 /* LaunchScreen.storyboard */,
				716A80F926F56A4300E0F10A /* LocationCell.swift */,
				7172663B26EC4A5700B129B7 /* LocationDetailsViewController.swift */,
				716A80F726F5688200E0F10A /* LocationsViewController.swift */,
				7172662826EC235100B129B7 /* Main.storyboard */,
				7172662B26EC235100B129B7 /* MyLocations.xcdatamodeld */,
				7172662426EC235100B129B7 /* SceneDelegate.swift */,
				716A810026F5769700E0F10A /* MapViewController.swift */,
				716A810226F576E000E0F10A /* UIImage+Resize.swift */,
				716A810426F5771100E0F10A /* String+AddText.swift */,
			);
			path = MyLocations;
			sourceTree = "<group>";
		};
/* End PBXGroup section */

/* Begin PBXNativeTarget section */
		7172661E26EC235100B129B7 /* MyLocations */ = {
			isa = PBXNativeTarget;
			buildConfigurationList = 7172663626EC235100B129B7 /* Build configuration list for PBXNativeTarget "MyLocations" */;
			buildPhases = (
				7172661B26EC235100B129B7 /* Sources */,
				7172661C26EC235100B129B7 /* Frameworks */,
				7172661D26EC235100B129B7 /* Resources */,
			);
			buildRules = (
			);
			dependencies = (
			);
			name = MyLocations;
			productName = MyLocations;
			productReference = 7172661F26EC235100B129B7 /* MyLocations.app */;
			productType = "com.apple.product-type.application";
		};
/* End PBXNativeTarget section */

/* Begin PBXProject section */
		7172661726EC235100B129B7 /* Project object */ = {
			isa = PBXProject;
			attributes = {
				LastSwiftUpdateCheck = 1250;
				LastUpgradeCheck = 1250;
				TargetAttributes = {
					7172661E26EC235100B129B7 = {
						CreatedOnToolsVersion = 12.5.1;
					};
				};
			};
			buildConfigurationList = 7172661A26EC235100B129B7 /* Build configuration list for PBXProject "MyLocations" */;
			compatibilityVersion = "Xcode 9.3";
			developmentRegion = en;
			hasScannedForEncodings = 0;
			knownRegions = (
				en,
				Base,
			);
			mainGroup = 7172661626EC235100B129B7;
			productRefGroup = 7172662026EC235100B129B7 /* Products */;
			projectDirPath = "";
			projectRoot = "";
			targets = (
				7172661E26EC235100B129B7 /* MyLocations */,
			);
		};
/* End PBXProject section */

/* Begin PBXResourcesBuildPhase section */
		7172661D26EC235100B129B7 /* Resources */ = {
			isa = PBXResourcesBuildPhase;
			buildActionMask = 2147483647;
			files = (
				7172663226EC235100B129B7 /* LaunchScreen.storyboard in Resources */,
				7172662F26EC235100B129B7 /* Assets.xcassets in Resources */,
				7172662A26EC235100B129B7 /* Main.storyboard in Resources */,
			);
			runOnlyForDeploymentPostprocessing = 0;
		};
/* End PBXResourcesBuildPhase section */

/* Begin PBXSourcesBuildPhase section */
		7172661B26EC235100B129B7 /* Sources */ = {
			isa = PBXSourcesBuildPhase;
			buildActionMask = 2147483647;
			files = (
				7172664026EC6AED00B129B7 /* HUDView.swift in Sources */,
				7172663E26EC633700B129B7 /* CategoryPickerViewController.swift in Sources */,
				7172662726EC235100B129B7 /* CurrentLocationViewController.swift in Sources */,
				7172664226EC6EB900B129B7 /* Functions.swift in Sources */,
				716A80F826F5688200E0F10A /* LocationsViewController.swift in Sources */,
				716A80FA26F56A4300E0F10A /* LocationCell.swift in Sources */,
				716A810126F5769700E0F10A /* MapViewController.swift in Sources */,
				716A810326F576E000E0F10A /* UIImage+Resize.swift in Sources */,
				7172662326EC235100B129B7 /* AppDelegate.swift in Sources */,
				7172662D26EC235100B129B7 /* MyLocations.xcdatamodeld in Sources */,
				716A80FF26F5754000E0F10A /* Location+CoreDataProperties.swift in Sources */,
				7172662526EC235100B129B7 /* SceneDelegate.swift in Sources */,
				716A810526F5771100E0F10A /* String+AddText.swift in Sources */,
				716A80FE26F5754000E0F10A /* Location+CoreDataClass.swift in Sources */,
				7172663C26EC4A5700B129B7 /* LocationDetailsViewController.swift in Sources */,
			);
			runOnlyForDeploymentPostprocessing = 0;
		};
/* End PBXSourcesBuildPhase section */

/* Begin PBXVariantGroup section */
		7172662826EC235100B129B7 /* Main.storyboard */ = {
			isa = PBXVariantGroup;
			children = (
				7172662926EC235100B129B7 /* Base */,
			);
			name = Main.storyboard;
			sourceTree = "<group>";
		};
		7172663026EC235100B129B7 /* LaunchScreen.storyboard */ = {
			isa = PBXVariantGroup;
			children = (
				7172663126EC235100B129B7 /* Base */,
			);
			name = LaunchScreen.storyboard;
			sourceTree = "<group>";
		};
/* End PBXVariantGroup section */

/* Begin XCBuildConfiguration section */
		7172663426EC235100B129B7 /* Debug */ = {
			isa = XCBuildConfiguration;
			buildSettings = {
				ALWAYS_SEARCH_USER_PATHS = NO;
				CLANG_ANALYZER_NONNULL = YES;
				CLANG_ANALYZER_NUMBER_OBJECT_CONVERSION = YES_AGGRESSIVE;
				CLANG_CXX_LANGUAGE_STANDARD = "gnu++14";
				CLANG_CXX_LIBRARY = "libc++";
				CLANG_ENABLE_MODULES = YES;
				CLANG_ENABLE_OBJC_ARC = YES;
				CLANG_ENABLE_OBJC_WEAK = YES;
				CLANG_WARN_BLOCK_CAPTURE_AUTORELEASING = YES;
				CLANG_WARN_BOOL_CONVERSION = YES;
				CLANG_WARN_COMMA = YES;
				CLANG_WARN_CONSTANT_CONVERSION = YES;
				CLANG_WARN_DEPRECATED_OBJC_IMPLEMENTATIONS = YES;
				CLANG_WARN_DIRECT_OBJC_ISA_USAGE = YES_ERROR;
				CLANG_WARN_DOCUMENTATION_COMMENTS = YES;
				CLANG_WARN_EMPTY_BODY = YES;
				CLANG_WARN_ENUM_CONVERSION = YES;
				CLANG_WARN_INFINITE_RECURSION = YES;
				CLANG_WARN_INT_CONVERSION = YES;
				CLANG_WARN_NON_LITERAL_NULL_CONVERSION = YES;
				CLANG_WARN_OBJC_IMPLICIT_RETAIN_SELF = YES;
				CLANG_WARN_OBJC_LITERAL_CONVERSION = YES;
				CLANG_WARN_OBJC_ROOT_CLASS = YES_ERROR;
				CLANG_WARN_QUOTED_INCLUDE_IN_FRAMEWORK_HEADER = YES;
				CLANG_WARN_RANGE_LOOP_ANALYSIS = YES;
				CLANG_WARN_STRICT_PROTOTYPES = YES;
				CLANG_WARN_SUSPICIOUS_MOVE = YES;
				CLANG_WARN_UNGUARDED_AVAILABILITY = YES_AGGRESSIVE;
				CLANG_WARN_UNREACHABLE_CODE = YES;
				CLANG_WARN__DUPLICATE_METHOD_MATCH = YES;
				COPY_PHASE_STRIP = NO;
				DEBUG_INFORMATION_FORMAT = dwarf;
				ENABLE_STRICT_OBJC_MSGSEND = YES;
				ENABLE_TESTABILITY = YES;
				GCC_C_LANGUAGE_STANDARD = gnu11;
				GCC_DYNAMIC_NO_PIC = NO;
				GCC_NO_COMMON_BLOCKS = YES;
				GCC_OPTIMIZATION_LEVEL = 0;
				GCC_PREPROCESSOR_DEFINITIONS = (
					"DEBUG=1",
					"$(inherited)",
				);
				GCC_WARN_64_TO_32_BIT_CONVERSION = YES;
				GCC_WARN_ABOUT_RETURN_TYPE = YES_ERROR;
				GCC_WARN_UNDECLARED_SELECTOR = YES;
				GCC_WARN_UNINITIALIZED_AUTOS = YES_AGGRESSIVE;
				GCC_WARN_UNUSED_FUNCTION = YES;
				GCC_WARN_UNUSED_VARIABLE = YES;
				IPHONEOS_DEPLOYMENT_TARGET = 14.5;
				MTL_ENABLE_DEBUG_INFO = INCLUDE_SOURCE;
				MTL_FAST_MATH = YES;
				ONLY_ACTIVE_ARCH = YES;
				SDKROOT = iphoneos;
				SWIFT_ACTIVE_COMPILATION_CONDITIONS = DEBUG;
				SWIFT_OPTIMIZATION_LEVEL = "-Onone";
			};
			name = Debug;
		};
		7172663526EC235100B129B7 /* Release */ = {
			isa = XCBuildConfiguration;
			buildSettings = {
				ALWAYS_SEARCH_USER_PATHS = NO;
				CLANG_ANALYZER_NONNULL = YES;
				CLANG_ANALYZER_NUMBER_OBJECT_CONVERSION = YES_AGGRESSIVE;
				CLANG_CXX_LANGUAGE_STANDARD = "gnu++14";
				CLANG_CXX_LIBRARY = "libc++";
				CLANG_ENABLE_MODULES = YES;
				CLANG_ENABLE_OBJC_ARC = YES;
				CLANG_ENABLE_OBJC_WEAK = YES;
				CLANG_WARN_BLOCK_CAPTURE_AUTORELEASING = YES;
				CLANG_WARN_BOOL_CONVERSION = YES;
				CLANG_WARN_COMMA = YES;
				CLANG_WARN_CONSTANT_CONVERSION = YES;
				CLANG_WARN_DEPRECATED_OBJC_IMPLEMENTATIONS = YES;
				CLANG_WARN_DIRECT_OBJC_ISA_USAGE = YES_ERROR;
				CLANG_WARN_DOCUMENTATION_COMMENTS = YES;
				CLANG_WARN_EMPTY_BODY = YES;
				CLANG_WARN_ENUM_CONVERSION = YES;
				CLANG_WARN_INFINITE_RECURSION = YES;
				CLANG_WARN_INT_CONVERSION = YES;
				CLANG_WARN_NON_LITERAL_NULL_CONVERSION = YES;
				CLANG_WARN_OBJC_IMPLICIT_RETAIN_SELF = YES;
				CLANG_WARN_OBJC_LITERAL_CONVERSION = YES;
				CLANG_WARN_OBJC_ROOT_CLASS = YES_ERROR;
				CLANG_WARN_QUOTED_INCLUDE_IN_FRAMEWORK_HEADER = YES;
				CLANG_WARN_RANGE_LOOP_ANALYSIS = YES;
				CLANG_WARN_STRICT_PROTOTYPES = YES;
				CLANG_WARN_SUSPICIOUS_MOVE = YES;
				CLANG_WARN_UNGUARDED_AVAILABILITY = YES_AGGRESSIVE;
				CLANG_WARN_UNREACHABLE_CODE = YES;
				CLANG_WARN__DUPLICATE_METHOD_MATCH = YES;
				COPY_PHASE_STRIP = NO;
				DEBUG_INFORMATION_FORMAT = "dwarf-with-dsym";
				ENABLE_NS_ASSERTIONS = NO;
				ENABLE_STRICT_OBJC_MSGSEND = YES;
				GCC_C_LANGUAGE_STANDARD = gnu11;
				GCC_NO_COMMON_BLOCKS = YES;
				GCC_WARN_64_TO_32_BIT_CONVERSION = YES;
				GCC_WARN_ABOUT_RETURN_TYPE = YES_ERROR;
				GCC_WARN_UNDECLARED_SELECTOR = YES;
				GCC_WARN_UNINITIALIZED_AUTOS = YES_AGGRESSIVE;
				GCC_WARN_UNUSED_FUNCTION = YES;
				GCC_WARN_UNUSED_VARIABLE = YES;
				IPHONEOS_DEPLOYMENT_TARGET = 14.5;
				MTL_ENABLE_DEBUG_INFO = NO;
				MTL_FAST_MATH = YES;
				SDKROOT = iphoneos;
				SWIFT_COMPILATION_MODE = wholemodule;
				SWIFT_OPTIMIZATION_LEVEL = "-O";
				VALIDATE_PRODUCT = YES;
			};
			name = Release;
		};
		7172663726EC235100B129B7 /* Debug */ = {
			isa = XCBuildConfiguration;
			buildSettings = {
				ASSETCATALOG_COMPILER_APPICON_NAME = AppIcon;
				ASSETCATALOG_COMPILER_GLOBAL_ACCENT_COLOR_NAME = AccentColor;
				CODE_SIGN_STYLE = Automatic;
				DEVELOPMENT_TEAM = X8293L42ND;
				INFOPLIST_FILE = MyLocations/Info.plist;
				LD_RUNPATH_SEARCH_PATHS = (
					"$(inherited)",
					"@executable_path/Frameworks",
				);
				PRODUCT_BUNDLE_IDENTIFIER = LaneD.MyLocations;
				PRODUCT_NAME = "$(TARGET_NAME)";
				SWIFT_VERSION = 5.0;
				TARGETED_DEVICE_FAMILY = "1,2";
			};
			name = Debug;
		};
		7172663826EC235100B129B7 /* Release */ = {
			isa = XCBuildConfiguration;
			buildSettings = {
				ASSETCATALOG_COMPILER_APPICON_NAME = AppIcon;
				ASSETCATALOG_COMPILER_GLOBAL_ACCENT_COLOR_NAME = AccentColor;
				CODE_SIGN_STYLE = Automatic;
				DEVELOPMENT_TEAM = X8293L42ND;
				INFOPLIST_FILE = MyLocations/Info.plist;
				LD_RUNPATH_SEARCH_PATHS = (
					"$(inherited)",
					"@executable_path/Frameworks",
				);
				PRODUCT_BUNDLE_IDENTIFIER = LaneD.MyLocations;
				PRODUCT_NAME = "$(TARGET_NAME)";
				SWIFT_VERSION = 5.0;
				TARGETED_DEVICE_FAMILY = "1,2";
			};
			name = Release;
		};
/* End XCBuildConfiguration section */

/* Begin XCConfigurationList section */
		7172661A26EC235100B129B7 /* Build configuration list for PBXProject "MyLocations" */ = {
			isa = XCConfigurationList;
			buildConfigurations = (
				7172663426EC235100B129B7 /* Debug */,
				7172663526EC235100B129B7 /* Release */,
			);
			defaultConfigurationIsVisible = 0;
			defaultConfigurationName = Release;
		};
		7172663626EC235100B129B7 /* Build configuration list for PBXNativeTarget "MyLocations" */ = {
			isa = XCConfigurationList;
			buildConfigurations = (
				7172663726EC235100B129B7 /* Debug */,
				7172663826EC235100B129B7 /* Release */,
			);
			defaultConfigurationIsVisible = 0;
			defaultConfigurationName = Release;
		};
/* End XCConfigurationList section */

/* Begin XCVersionGroup section */
		7172662B26EC235100B129B7 /* MyLocations.xcdatamodeld */ = {
			isa = XCVersionGroup;
			children = (
				7172662C26EC235100B129B7 /* MyLocations.xcdatamodel */,
			);
			currentVersion = 7172662C26EC235100B129B7 /* MyLocations.xcdatamodel */;
			path = MyLocations.xcdatamodeld;
			sourceTree = "<group>";
			versionGroupType = wrapper.xcdatamodel;
		};
/* End XCVersionGroup section */
	};
	rootObject = 7172661726EC235100B129B7 /* Project object */;
}
